
Microsoft Visual Studio Solution File, Format Version 12.00
# Visual Studio 15
VisualStudioVersion = 15.0.28010.2046
MinimumVisualStudioVersion = 10.0.40219.1
Project("{FAE04EC0-301F-11D3-BF4B-00C04F79EFBC}") = "AdventOfCode", "AdventOfCode\AdventOfCode.csproj", "{D9470E4F-BE1A-4A09-BE9E-D926634E3324}"
EndProject
Global
	GlobalSection(SolutionConfigurationPlatforms) = preSolution
		Debug|Any CPU = Debug|Any CPU
		Release|Any CPU = Release|Any CPU
	EndGlobalSection
	GlobalSection(ProjectConfigurationPlatforms) = postSolution
		{D9470E4F-BE1A-4A09-BE9E-D926634E3324}.Debug|Any CPU.ActiveCfg = Debug|Any CPU
		{D9470E4F-BE1A-4A09-BE9E-D926634E3324}.Debug|Any CPU.Build.0 = Debug|Any CPU
		{D9470E4F-BE1A-4A09-BE9E-D926634E3324}.Release|Any CPU.ActiveCfg = Release|Any CPU
		{D9470E4F-BE1A-4A09-BE9E-D926634E3324}.Release|Any CPU.Build.0 = Release|Any CPU
	EndGlobalSection
	GlobalSection(SolutionProperties) = preSolution
		HideSolutionNode = FALSE
	EndGlobalSection
	GlobalSection(ExtensibilityGlobals) = postSolution
		SolutionGuid = {7B45CF33-2A5C-4B63-ADBE-0CBE4E0372C3}
	EndGlobalSection
EndGlobal
